
Microsoft Visual Studio Solution File, Format Version 12.00
# Visual Studio 15
VisualStudioVersion = 15.0.27703.2026
MinimumVisualStudioVersion = 10.0.40219.1
Project("{FAE04EC0-301F-11D3-BF4B-00C04F79EFBC}") = "testwebapp", "testwebapp\testwebapp.csproj", "{405446D5-375D-4FFD-9931-4A3E3043D9BE}"
EndProject
Global
	GlobalSection(SolutionConfigurationPlatforms) = preSolution
		Debug|Any CPU = Debug|Any CPU
		Release|Any CPU = Release|Any CPU
	EndGlobalSection
	GlobalSection(ProjectConfigurationPlatforms) = postSolution
		{405446D5-375D-4FFD-9931-4A3E3043D9BE}.Debug|Any CPU.ActiveCfg = Debug|Any CPU
		{405446D5-375D-4FFD-9931-4A3E3043D9BE}.Debug|Any CPU.Build.0 = Debug|Any CPU
		{405446D5-375D-4FFD-9931-4A3E3043D9BE}.Release|Any CPU.ActiveCfg = Release|Any CPU
		{405446D5-375D-4FFD-9931-4A3E3043D9BE}.Release|Any CPU.Build.0 = Release|Any CPU
	EndGlobalSection
	GlobalSection(SolutionProperties) = preSolution
		HideSolutionNode = FALSE
	EndGlobalSection
	GlobalSection(ExtensibilityGlobals) = postSolution
		SolutionGuid = {D2806AA5-72A2-48E3-9F21-7D3705D8E32B}
	EndGlobalSection
EndGlobal
